
Microsoft Visual Studio Solution File, Format Version 12.00
# Visual Studio 15
VisualStudioVersion = 15.0.28010.2003
MinimumVisualStudioVersion = 10.0.40219.1
Project("{FAE04EC0-301F-11D3-BF4B-00C04F79EFBC}") = "Calculator-Annihilator", "Calculator-Annihilator\Calculator-Annihilator.csproj", "{37E4B73C-6CD4-4528-8A86-759B643DFE76}"
EndProject
Project("{FAE04EC0-301F-11D3-BF4B-00C04F79EFBC}") = "Calculator-Annihilator.UTests", "Calculator-Annihilator.UTests\Calculator-Annihilator.UTests.csproj", "{5529B093-4250-4D72-87ED-B26D83D3F188}"
EndProject
Project("{FAE04EC0-301F-11D3-BF4B-00C04F79EFBC}") = "Mock_Equation_Tests", "Mock_Equation_Tests\Mock_Equation_Tests.csproj", "{6CC95556-388F-40CD-B249-43E29B4EC4F6}"
EndProject
Project("{FAE04EC0-301F-11D3-BF4B-00C04F79EFBC}") = "Options_Window", "Options_Window\Options_Window.csproj", "{51F187C6-BA14-446C-BB1F-3025A74ED593}"
EndProject
Project("{FAE04EC0-301F-11D3-BF4B-00C04F79EFBC}") = "Common_Library", "Common_Library\Common_Library.csproj", "{9152A06F-69F4-423E-9263-885545E6504E}"
EndProject
Project("{FAE04EC0-301F-11D3-BF4B-00C04F79EFBC}") = "Windows_Structure", "Windows_Structure\Windows_Structure.csproj", "{D7996EAF-8F5B-426E-ADC6-C333C69A2047}"
EndProject
Project("{FAE04EC0-301F-11D3-BF4B-00C04F79EFBC}") = "Options_Library", "Options_Library\Options_Library.csproj", "{EAC99763-1AAA-445D-8E4B-068AE08DEECA}"
EndProject
Project("{2150E333-8FDC-42A3-9474-1A3956D46DE8}") = "OptionsWindow", "OptionsWindow", "{B7306AA5-9C7A-4B8A-BBF2-2404C99F125A}"
EndProject
Project("{FAE04EC0-301F-11D3-BF4B-00C04F79EFBC}") = "Options_Window_Library", "Options_Window_Library\Options_Window_Library.csproj", "{5F68A69A-879F-4503-8D90-843AE24761C7}"
EndProject
Project("{FAE04EC0-301F-11D3-BF4B-00C04F79EFBC}") = "IOptions_Window", "IOptions_Window\IOptions_Window.csproj", "{4C4BCAA4-3E53-462E-B03B-8D2EC2212C0D}"
EndProject
Project("{2150E333-8FDC-42A3-9474-1A3956D46DE8}") = "MainWindow", "MainWindow", "{F145606E-A097-43F9-A6E3-2CAAC82D2D6C}"
EndProject
Global
	GlobalSection(SolutionConfigurationPlatforms) = preSolution
		Debug|Any CPU = Debug|Any CPU
		MockingTests|Any CPU = MockingTests|Any CPU
		Release|Any CPU = Release|Any CPU
		UnitTests|Any CPU = UnitTests|Any CPU
	EndGlobalSection
	GlobalSection(ProjectConfigurationPlatforms) = postSolution
		{37E4B73C-6CD4-4528-8A86-759B643DFE76}.Debug|Any CPU.ActiveCfg = Debug|Any CPU
		{37E4B73C-6CD4-4528-8A86-759B643DFE76}.Debug|Any CPU.Build.0 = Debug|Any CPU
		{37E4B73C-6CD4-4528-8A86-759B643DFE76}.MockingTests|Any CPU.ActiveCfg = MockingTests|Any CPU
		{37E4B73C-6CD4-4528-8A86-759B643DFE76}.MockingTests|Any CPU.Build.0 = MockingTests|Any CPU
		{37E4B73C-6CD4-4528-8A86-759B643DFE76}.Release|Any CPU.ActiveCfg = Release|Any CPU
		{37E4B73C-6CD4-4528-8A86-759B643DFE76}.Release|Any CPU.Build.0 = Release|Any CPU
		{37E4B73C-6CD4-4528-8A86-759B643DFE76}.UnitTests|Any CPU.ActiveCfg = UnitTests|Any CPU
		{37E4B73C-6CD4-4528-8A86-759B643DFE76}.UnitTests|Any CPU.Build.0 = UnitTests|Any CPU
		{5529B093-4250-4D72-87ED-B26D83D3F188}.Debug|Any CPU.ActiveCfg = Debug|Any CPU
		{5529B093-4250-4D72-87ED-B26D83D3F188}.MockingTests|Any CPU.ActiveCfg = MockingTests|Any CPU
		{5529B093-4250-4D72-87ED-B26D83D3F188}.Release|Any CPU.ActiveCfg = Release|Any CPU
		{5529B093-4250-4D72-87ED-B26D83D3F188}.UnitTests|Any CPU.ActiveCfg = UnitTests|Any CPU
		{5529B093-4250-4D72-87ED-B26D83D3F188}.UnitTests|Any CPU.Build.0 = UnitTests|Any CPU
		{6CC95556-388F-40CD-B249-43E29B4EC4F6}.Debug|Any CPU.ActiveCfg = Debug|Any CPU
		{6CC95556-388F-40CD-B249-43E29B4EC4F6}.Debug|Any CPU.Build.0 = Debug|Any CPU
		{6CC95556-388F-40CD-B249-43E29B4EC4F6}.MockingTests|Any CPU.ActiveCfg = MockingTests|Any CPU
		{6CC95556-388F-40CD-B249-43E29B4EC4F6}.MockingTests|Any CPU.Build.0 = MockingTests|Any CPU
		{6CC95556-388F-40CD-B249-43E29B4EC4F6}.Release|Any CPU.ActiveCfg = Release|Any CPU
		{6CC95556-388F-40CD-B249-43E29B4EC4F6}.UnitTests|Any CPU.ActiveCfg = UnitTests|Any CPU
		{51F187C6-BA14-446C-BB1F-3025A74ED593}.Debug|Any CPU.ActiveCfg = Debug|Any CPU
		{51F187C6-BA14-446C-BB1F-3025A74ED593}.Debug|Any CPU.Build.0 = Debug|Any CPU
		{51F187C6-BA14-446C-BB1F-3025A74ED593}.MockingTests|Any CPU.ActiveCfg = Release|Any CPU
		{51F187C6-BA14-446C-BB1F-3025A74ED593}.MockingTests|Any CPU.Build.0 = Release|Any CPU
		{51F187C6-BA14-446C-BB1F-3025A74ED593}.Release|Any CPU.ActiveCfg = Release|Any CPU
		{51F187C6-BA14-446C-BB1F-3025A74ED593}.Release|Any CPU.Build.0 = Release|Any CPU
		{51F187C6-BA14-446C-BB1F-3025A74ED593}.UnitTests|Any CPU.ActiveCfg = Release|Any CPU
		{51F187C6-BA14-446C-BB1F-3025A74ED593}.UnitTests|Any CPU.Build.0 = Release|Any CPU
		{9152A06F-69F4-423E-9263-885545E6504E}.Debug|Any CPU.ActiveCfg = Debug|Any CPU
		{9152A06F-69F4-423E-9263-885545E6504E}.Debug|Any CPU.Build.0 = Debug|Any CPU
		{9152A06F-69F4-423E-9263-885545E6504E}.MockingTests|Any CPU.ActiveCfg = Release|Any CPU
		{9152A06F-69F4-423E-9263-885545E6504E}.MockingTests|Any CPU.Build.0 = Release|Any CPU
		{9152A06F-69F4-423E-9263-885545E6504E}.Release|Any CPU.ActiveCfg = Release|Any CPU
		{9152A06F-69F4-423E-9263-885545E6504E}.Release|Any CPU.Build.0 = Release|Any CPU
		{9152A06F-69F4-423E-9263-885545E6504E}.UnitTests|Any CPU.ActiveCfg = Release|Any CPU
		{9152A06F-69F4-423E-9263-885545E6504E}.UnitTests|Any CPU.Build.0 = Release|Any CPU
		{D7996EAF-8F5B-426E-ADC6-C333C69A2047}.Debug|Any CPU.ActiveCfg = Debug|Any CPU
		{D7996EAF-8F5B-426E-ADC6-C333C69A2047}.Debug|Any CPU.Build.0 = Debug|Any CPU
		{D7996EAF-8F5B-426E-ADC6-C333C69A2047}.MockingTests|Any CPU.ActiveCfg = Release|Any CPU
		{D7996EAF-8F5B-426E-ADC6-C333C69A2047}.MockingTests|Any CPU.Build.0 = Release|Any CPU
		{D7996EAF-8F5B-426E-ADC6-C333C69A2047}.Release|Any CPU.ActiveCfg = Release|Any CPU
		{D7996EAF-8F5B-426E-ADC6-C333C69A2047}.Release|Any CPU.Build.0 = Release|Any CPU
		{D7996EAF-8F5B-426E-ADC6-C333C69A2047}.UnitTests|Any CPU.ActiveCfg = Release|Any CPU
		{D7996EAF-8F5B-426E-ADC6-C333C69A2047}.UnitTests|Any CPU.Build.0 = Release|Any CPU
		{EAC99763-1AAA-445D-8E4B-068AE08DEECA}.Debug|Any CPU.ActiveCfg = Debug|Any CPU
		{EAC99763-1AAA-445D-8E4B-068AE08DEECA}.Debug|Any CPU.Build.0 = Debug|Any CPU
		{EAC99763-1AAA-445D-8E4B-068AE08DEECA}.MockingTests|Any CPU.ActiveCfg = Release|Any CPU
		{EAC99763-1AAA-445D-8E4B-068AE08DEECA}.MockingTests|Any CPU.Build.0 = Release|Any CPU
		{EAC99763-1AAA-445D-8E4B-068AE08DEECA}.Release|Any CPU.ActiveCfg = Release|Any CPU
		{EAC99763-1AAA-445D-8E4B-068AE08DEECA}.Release|Any CPU.Build.0 = Release|Any CPU
		{EAC99763-1AAA-445D-8E4B-068AE08DEECA}.UnitTests|Any CPU.ActiveCfg = Release|Any CPU
		{EAC99763-1AAA-445D-8E4B-068AE08DEECA}.UnitTests|Any CPU.Build.0 = Release|Any CPU
		{5F68A69A-879F-4503-8D90-843AE24761C7}.Debug|Any CPU.ActiveCfg = Debug|Any CPU
		{5F68A69A-879F-4503-8D90-843AE24761C7}.Debug|Any CPU.Build.0 = Debug|Any CPU
		{5F68A69A-879F-4503-8D90-843AE24761C7}.MockingTests|Any CPU.ActiveCfg = Release|Any CPU
		{5F68A69A-879F-4503-8D90-843AE24761C7}.MockingTests|Any CPU.Build.0 = Release|Any CPU
		{5F68A69A-879F-4503-8D90-843AE24761C7}.Release|Any CPU.ActiveCfg = Release|Any CPU
		{5F68A69A-879F-4503-8D90-843AE24761C7}.Release|Any CPU.Build.0 = Release|Any CPU
		{5F68A69A-879F-4503-8D90-843AE24761C7}.UnitTests|Any CPU.ActiveCfg = Release|Any CPU
		{5F68A69A-879F-4503-8D90-843AE24761C7}.UnitTests|Any CPU.Build.0 = Release|Any CPU
		{4C4BCAA4-3E53-462E-B03B-8D2EC2212C0D}.Debug|Any CPU.ActiveCfg = Debug|Any CPU
		{4C4BCAA4-3E53-462E-B03B-8D2EC2212C0D}.Debug|Any CPU.Build.0 = Debug|Any CPU
		{4C4BCAA4-3E53-462E-B03B-8D2EC2212C0D}.MockingTests|Any CPU.ActiveCfg = Release|Any CPU
		{4C4BCAA4-3E53-462E-B03B-8D2EC2212C0D}.MockingTests|Any CPU.Build.0 = Release|Any CPU
		{4C4BCAA4-3E53-462E-B03B-8D2EC2212C0D}.Release|Any CPU.ActiveCfg = Release|Any CPU
		{4C4BCAA4-3E53-462E-B03B-8D2EC2212C0D}.Release|Any CPU.Build.0 = Release|Any CPU
		{4C4BCAA4-3E53-462E-B03B-8D2EC2212C0D}.UnitTests|Any CPU.ActiveCfg = Release|Any CPU
		{4C4BCAA4-3E53-462E-B03B-8D2EC2212C0D}.UnitTests|Any CPU.Build.0 = Release|Any CPU
	EndGlobalSection
	GlobalSection(SolutionProperties) = preSolution
		HideSolutionNode = FALSE
	EndGlobalSection
	GlobalSection(NestedProjects) = preSolution
		{37E4B73C-6CD4-4528-8A86-759B643DFE76} = {F145606E-A097-43F9-A6E3-2CAAC82D2D6C}
		{51F187C6-BA14-446C-BB1F-3025A74ED593} = {B7306AA5-9C7A-4B8A-BBF2-2404C99F125A}
		{5F68A69A-879F-4503-8D90-843AE24761C7} = {B7306AA5-9C7A-4B8A-BBF2-2404C99F125A}
		{4C4BCAA4-3E53-462E-B03B-8D2EC2212C0D} = {B7306AA5-9C7A-4B8A-BBF2-2404C99F125A}
	EndGlobalSection
	GlobalSection(ExtensibilityGlobals) = postSolution
		SolutionGuid = {D30C9D93-A112-4620-AAE9-9FD8BD2B96D2}
	EndGlobalSection
EndGlobal
